
Microsoft Visual Studio Solution File, Format Version 12.00
# Visual Studio Version 17
VisualStudioVersion = 17.11.35208.52
MinimumVisualStudioVersion = 10.0.40219.1
Project("{9A19103F-16F7-4668-BE54-9A1E7A4F7556}") = "PF2SrdApi", "PF2SrdApi\PF2SrdApi.csproj", "{79C25DB3-A767-4744-ACDD-8310EDFDC742}"
EndProject
Project("{9A19103F-16F7-4668-BE54-9A1E7A4F7556}") = "PF2SrdApi.Tests", "PF2SrdApi.Tests\PF2SrdApi.Tests.csproj", "{13F496C7-FB8D-422F-B3A7-08F6F959280D}"
EndProject
Global
	GlobalSection(SolutionConfigurationPlatforms) = preSolution
		Debug|Any CPU = Debug|Any CPU
		Release|Any CPU = Release|Any CPU
	EndGlobalSection
	GlobalSection(ProjectConfigurationPlatforms) = postSolution
		{79C25DB3-A767-4744-ACDD-8310EDFDC742}.Debug|Any CPU.ActiveCfg = Debug|Any CPU
		{79C25DB3-A767-4744-ACDD-8310EDFDC742}.Debug|Any CPU.Build.0 = Debug|Any CPU
		{79C25DB3-A767-4744-ACDD-8310EDFDC742}.Release|Any CPU.ActiveCfg = Release|Any CPU
		{79C25DB3-A767-4744-ACDD-8310EDFDC742}.Release|Any CPU.Build.0 = Release|Any CPU
		{13F496C7-FB8D-422F-B3A7-08F6F959280D}.Debug|Any CPU.ActiveCfg = Debug|Any CPU
		{13F496C7-FB8D-422F-B3A7-08F6F959280D}.Debug|Any CPU.Build.0 = Debug|Any CPU
		{13F496C7-FB8D-422F-B3A7-08F6F959280D}.Release|Any CPU.ActiveCfg = Release|Any CPU
		{13F496C7-FB8D-422F-B3A7-08F6F959280D}.Release|Any CPU.Build.0 = Release|Any CPU
	EndGlobalSection
	GlobalSection(SolutionProperties) = preSolution
		HideSolutionNode = FALSE
	EndGlobalSection
	GlobalSection(ExtensibilityGlobals) = postSolution
		SolutionGuid = {7D94C4A0-ACD5-4D9B-9FA9-810EB0351240}
	EndGlobalSection
EndGlobal
